
Microsoft Visual Studio Solution File, Format Version 12.00
# Visual Studio Version 16
VisualStudioVersion = 16.0.30907.101
MinimumVisualStudioVersion = 10.0.40219.1
Project("{9A19103F-16F7-4668-BE54-9A1E7A4F7556}") = "TheLargestAmount", "TheLargestAmount\TheLargestAmount.csproj", "{981F6AB3-630F-4313-82E6-F7CCF0127A58}"
EndProject
Project("{FAE04EC0-301F-11D3-BF4B-00C04F79EFBC}") = "TheLargestAmountTest", "TheLargestAmountTest\TheLargestAmountTest.csproj", "{746BAB43-ABA7-459A-AD30-1AC8A39CB37B}"
EndProject
Global
	GlobalSection(SolutionConfigurationPlatforms) = preSolution
		Debug|Any CPU = Debug|Any CPU
		Release|Any CPU = Release|Any CPU
	EndGlobalSection
	GlobalSection(ProjectConfigurationPlatforms) = postSolution
		{981F6AB3-630F-4313-82E6-F7CCF0127A58}.Debug|Any CPU.ActiveCfg = Debug|Any CPU
		{981F6AB3-630F-4313-82E6-F7CCF0127A58}.Debug|Any CPU.Build.0 = Debug|Any CPU
		{981F6AB3-630F-4313-82E6-F7CCF0127A58}.Release|Any CPU.ActiveCfg = Release|Any CPU
		{981F6AB3-630F-4313-82E6-F7CCF0127A58}.Release|Any CPU.Build.0 = Release|Any CPU
		{746BAB43-ABA7-459A-AD30-1AC8A39CB37B}.Debug|Any CPU.ActiveCfg = Debug|Any CPU
		{746BAB43-ABA7-459A-AD30-1AC8A39CB37B}.Debug|Any CPU.Build.0 = Debug|Any CPU
		{746BAB43-ABA7-459A-AD30-1AC8A39CB37B}.Release|Any CPU.ActiveCfg = Release|Any CPU
		{746BAB43-ABA7-459A-AD30-1AC8A39CB37B}.Release|Any CPU.Build.0 = Release|Any CPU
	EndGlobalSection
	GlobalSection(SolutionProperties) = preSolution
		HideSolutionNode = FALSE
	EndGlobalSection
	GlobalSection(ExtensibilityGlobals) = postSolution
		SolutionGuid = {B162BB84-BFDA-4E50-9EE5-43C39869A547}
	EndGlobalSection
EndGlobal
